
Microsoft Visual Studio Solution File, Format Version 12.00
# Visual Studio Version 17
VisualStudioVersion = 17.14.36408.4
MinimumVisualStudioVersion = 10.0.40219.1
Project("{FAE04EC0-301F-11D3-BF4B-00C04F79EFBC}") = "CrossCloudKit.Utilities.Common", "CrossCloudKit.Utilities.Common\CrossCloudKit.Utilities.Common.csproj", "{33F5F05D-842C-484A-ADE1-163C8271E1BF}"
EndProject
Project("{FAE04EC0-301F-11D3-BF4B-00C04F79EFBC}") = "CrossCloudKit.Utilities.Windows", "CrossCloudKit.Utilities.Windows\CrossCloudKit.Utilities.Windows.csproj", "{2A59D70C-6D05-47F8-86BD-13F45B46C1F2}"
EndProject
Project("{FAE04EC0-301F-11D3-BF4B-00C04F79EFBC}") = "CrossCloudKit.Interfaces", "CrossCloudKit.Interfaces\CrossCloudKit.Interfaces.csproj", "{D65D4913-8A81-4C22-8B5B-EB11F835E5F9}"
EndProject
Project("{FAE04EC0-301F-11D3-BF4B-00C04F79EFBC}") = "CrossCloudKit.Database.GC", "CrossCloudKit.Database.GC\CrossCloudKit.Database.GC.csproj", "{834CFCCD-3352-4E9E-A5F8-0EE436AC1CEF}"
EndProject
Project("{FAE04EC0-301F-11D3-BF4B-00C04F79EFBC}") = "CrossCloudKit.Database.AWS", "CrossCloudKit.Database.AWS\CrossCloudKit.Database.AWS.csproj", "{27F8FF88-C367-4E6F-99BF-D9C0F1FDE0A1}"
EndProject
Project("{FAE04EC0-301F-11D3-BF4B-00C04F79EFBC}") = "CrossCloudKit.Database.Mongo", "CrossCloudKit.Database.Mongo\CrossCloudKit.Database.Mongo.csproj", "{BF61230F-F34C-4C68-8BA7-F794E6DE4D8B}"
EndProject
Project("{FAE04EC0-301F-11D3-BF4B-00C04F79EFBC}") = "CrossCloudKit.Database.AWS.Tests", "CrossCloudKit.Database.AWS.Tests\CrossCloudKit.Database.AWS.Tests.csproj", "{34894BE9-DEE0-9A87-58F3-64E9683DEE29}"
EndProject
Project("{FAE04EC0-301F-11D3-BF4B-00C04F79EFBC}") = "CrossCloudKit.Database.GC.Tests", "CrossCloudKit.Database.GC.Tests\CrossCloudKit.Database.GC.Tests.csproj", "{4908FD98-C354-28EE-6EDC-F7CFCD1E6034}"
EndProject
Project("{FAE04EC0-301F-11D3-BF4B-00C04F79EFBC}") = "CrossCloudKit.Database.Mongo.Tests", "CrossCloudKit.Database.Mongo.Tests\CrossCloudKit.Database.Mongo.Tests.csproj", "{46AB9B33-9075-524D-98E0-9FA43CEA7741}"
EndProject
Project("{FAE04EC0-301F-11D3-BF4B-00C04F79EFBC}") = "CrossCloudKit.Database.Tests.Common", "CrossCloudKit.Database.Tests.Common\CrossCloudKit.Database.Tests.Common.csproj", "{3E22BED5-B784-964C-8B2A-836B3C41DC38}"
EndProject
Project("{FAE04EC0-301F-11D3-BF4B-00C04F79EFBC}") = "CrossCloudKit.File.GC", "CrossCloudKit.File.GC\CrossCloudKit.File.GC.csproj", "{B6B7D755-1EF8-48D2-8A48-DEFC24929F07}"
EndProject
Project("{FAE04EC0-301F-11D3-BF4B-00C04F79EFBC}") = "CrossCloudKit.File.Tests.Common", "CrossCloudKit.File.Tests.Common\CrossCloudKit.File.Tests.Common.csproj", "{40D7AF6C-DA53-DC2A-9C7B-876ADA9CF384}"
EndProject
Project("{FAE04EC0-301F-11D3-BF4B-00C04F79EFBC}") = "CrossCloudKit.File.GC.Tests", "CrossCloudKit.File.GC.Tests\CrossCloudKit.File.GC.Tests.csproj", "{FAAFEE28-A653-7C48-30B2-7A79A6AF5C6F}"
EndProject
Project("{FAE04EC0-301F-11D3-BF4B-00C04F79EFBC}") = "CrossCloudKit.PubSub.GC", "CrossCloudKit.PubSub.GC\CrossCloudKit.PubSub.GC.csproj", "{C847EAC1-0CD7-406F-BC18-BB426DB7552D}"
EndProject
Project("{FAE04EC0-301F-11D3-BF4B-00C04F79EFBC}") = "CrossCloudKit.PubSub.Tests.Common", "CrossCloudKit.PubSub.Tests.Common\CrossCloudKit.PubSub.Tests.Common.csproj", "{6239B55D-66EB-4C7E-A389-65046B8B7F72}"
EndProject
Project("{FAE04EC0-301F-11D3-BF4B-00C04F79EFBC}") = "CrossCloudKit.PubSub.GC.Tests", "CrossCloudKit.PubSub.GC.Tests\CrossCloudKit.PubSub.GC.Tests.csproj", "{A60F291E-FBF6-4688-917F-6C39CD2A65B4}"
EndProject
Project("{FAE04EC0-301F-11D3-BF4B-00C04F79EFBC}") = "CrossCloudKit.File.AWS", "CrossCloudKit.File.AWS\CrossCloudKit.File.AWS.csproj", "{CAFBFF0B-915B-40B3-9C44-7A6C609ACBD7}"
EndProject
Project("{FAE04EC0-301F-11D3-BF4B-00C04F79EFBC}") = "CrossCloudKit.File.AWS.Tests", "CrossCloudKit.File.AWS.Tests\CrossCloudKit.File.AWS.Tests.csproj", "{6DF2FE0E-0340-4C87-B131-96B9F64BA662}"
EndProject
Project("{FAE04EC0-301F-11D3-BF4B-00C04F79EFBC}") = "CrossCloudKit.PubSub.AWS", "CrossCloudKit.PubSub.AWS\CrossCloudKit.PubSub.AWS.csproj", "{841AB724-385B-4B13-A733-2C1040EB89AF}"
EndProject
Project("{FAE04EC0-301F-11D3-BF4B-00C04F79EFBC}") = "CrossCloudKit.PubSub.AWS.Tests", "CrossCloudKit.PubSub.AWS.Tests\CrossCloudKit.PubSub.AWS.Tests.csproj", "{868E91FF-993F-481F-B0C1-5C2B0E0FE904}"
EndProject
Project("{FAE04EC0-301F-11D3-BF4B-00C04F79EFBC}") = "CrossCloudKit.Memory.Redis", "CrossCloudKit.Memory.Redis\CrossCloudKit.Memory.Redis.csproj", "{3A28F363-1DFC-46CD-9AA7-1C6AA346266F}"
EndProject
Project("{FAE04EC0-301F-11D3-BF4B-00C04F79EFBC}") = "CrossCloudKit.Memory.Redis.Tests", "CrossCloudKit.Memory.Redis.Tests\CrossCloudKit.Memory.Redis.Tests.csproj", "{C59CCE6A-1EE6-4A13-B5F6-D1B5BE6E8DB3}"
EndProject
Project("{FAE04EC0-301F-11D3-BF4B-00C04F79EFBC}") = "CrossCloudKit.Memory.Tests.Common", "CrossCloudKit.Memory.Tests.Common\CrossCloudKit.Memory.Tests.Common.csproj", "{AE748BE5-515E-4260-9F75-6FE9575DE1CD}"
EndProject
Project("{FAE04EC0-301F-11D3-BF4B-00C04F79EFBC}") = "CrossCloudKit.Memory.Redis.Common", "CrossCloudKit.Memory.Redis.Common\CrossCloudKit.Memory.Redis.Common.csproj", "{6C82A7BF-F9FF-4DE2-B792-E2D12B2B7491}"
EndProject
Project("{FAE04EC0-301F-11D3-BF4B-00C04F79EFBC}") = "CrossCloudKit.PubSub.Redis", "CrossCloudKit.PubSub.Redis\CrossCloudKit.PubSub.Redis.csproj", "{1ADC0BBE-1F73-40C1-8AB0-55985E9832C9}"
EndProject
Project("{FAE04EC0-301F-11D3-BF4B-00C04F79EFBC}") = "CrossCloudKit.PubSub.Redis.Tests", "CrossCloudKit.PubSub.Redis.Tests\CrossCloudKit.PubSub.Redis.Tests.csproj", "{86CEA989-BDB0-48B8-910A-E5FFE33EC855}"
EndProject
Project("{FAE04EC0-301F-11D3-BF4B-00C04F79EFBC}") = "CrossCloudKit.File.S3Compatible", "CrossCloudKit.File.S3Compatible\CrossCloudKit.File.S3Compatible.csproj", "{EC3130DF-0FEE-4F3D-9F2E-14CA0A1D131B}"
EndProject
Project("{FAE04EC0-301F-11D3-BF4B-00C04F79EFBC}") = "CrossCloudKit.File.S3Compatible.Tests", "CrossCloudKit.File.S3Compatible.Tests\CrossCloudKit.File.S3Compatible.Tests.csproj", "{1A4F927B-CFAA-4B82-8A4D-CC630D16B835}"
EndProject
Project("{2150E333-8FDC-42A3-9474-1A3956D46DE8}") = "Orchestration", "Orchestration", "{9D492D31-2695-42F5-B2BF-092B8BA297D7}"
	ProjectSection(SolutionItems) = preProject
		README.md = README.md
		.github\workflows\tests.yml = .github\workflows\tests.yml
		LICENSE = LICENSE
	EndProjectSection
EndProject
Global
	GlobalSection(SolutionConfigurationPlatforms) = preSolution
		Debug|Any CPU = Debug|Any CPU
		Release|Any CPU = Release|Any CPU
	EndGlobalSection
	GlobalSection(ProjectConfigurationPlatforms) = postSolution
		{33F5F05D-842C-484A-ADE1-163C8271E1BF}.Debug|Any CPU.ActiveCfg = Debug|Any CPU
		{33F5F05D-842C-484A-ADE1-163C8271E1BF}.Debug|Any CPU.Build.0 = Debug|Any CPU
		{33F5F05D-842C-484A-ADE1-163C8271E1BF}.Release|Any CPU.ActiveCfg = Release|Any CPU
		{33F5F05D-842C-484A-ADE1-163C8271E1BF}.Release|Any CPU.Build.0 = Release|Any CPU
		{2A59D70C-6D05-47F8-86BD-13F45B46C1F2}.Debug|Any CPU.ActiveCfg = Debug|Any CPU
		{2A59D70C-6D05-47F8-86BD-13F45B46C1F2}.Debug|Any CPU.Build.0 = Debug|Any CPU
		{2A59D70C-6D05-47F8-86BD-13F45B46C1F2}.Release|Any CPU.ActiveCfg = Release|Any CPU
		{2A59D70C-6D05-47F8-86BD-13F45B46C1F2}.Release|Any CPU.Build.0 = Release|Any CPU
		{D65D4913-8A81-4C22-8B5B-EB11F835E5F9}.Debug|Any CPU.ActiveCfg = Debug|Any CPU
		{D65D4913-8A81-4C22-8B5B-EB11F835E5F9}.Debug|Any CPU.Build.0 = Debug|Any CPU
		{D65D4913-8A81-4C22-8B5B-EB11F835E5F9}.Release|Any CPU.ActiveCfg = Release|Any CPU
		{D65D4913-8A81-4C22-8B5B-EB11F835E5F9}.Release|Any CPU.Build.0 = Release|Any CPU
		{834CFCCD-3352-4E9E-A5F8-0EE436AC1CEF}.Debug|Any CPU.ActiveCfg = Debug|Any CPU
		{834CFCCD-3352-4E9E-A5F8-0EE436AC1CEF}.Debug|Any CPU.Build.0 = Debug|Any CPU
		{834CFCCD-3352-4E9E-A5F8-0EE436AC1CEF}.Release|Any CPU.ActiveCfg = Release|Any CPU
		{834CFCCD-3352-4E9E-A5F8-0EE436AC1CEF}.Release|Any CPU.Build.0 = Release|Any CPU
		{27F8FF88-C367-4E6F-99BF-D9C0F1FDE0A1}.Debug|Any CPU.ActiveCfg = Debug|Any CPU
		{27F8FF88-C367-4E6F-99BF-D9C0F1FDE0A1}.Debug|Any CPU.Build.0 = Debug|Any CPU
		{27F8FF88-C367-4E6F-99BF-D9C0F1FDE0A1}.Release|Any CPU.ActiveCfg = Release|Any CPU
		{27F8FF88-C367-4E6F-99BF-D9C0F1FDE0A1}.Release|Any CPU.Build.0 = Release|Any CPU
		{BF61230F-F34C-4C68-8BA7-F794E6DE4D8B}.Debug|Any CPU.ActiveCfg = Debug|Any CPU
		{BF61230F-F34C-4C68-8BA7-F794E6DE4D8B}.Debug|Any CPU.Build.0 = Debug|Any CPU
		{BF61230F-F34C-4C68-8BA7-F794E6DE4D8B}.Release|Any CPU.ActiveCfg = Release|Any CPU
		{BF61230F-F34C-4C68-8BA7-F794E6DE4D8B}.Release|Any CPU.Build.0 = Release|Any CPU
		{34894BE9-DEE0-9A87-58F3-64E9683DEE29}.Debug|Any CPU.ActiveCfg = Debug|Any CPU
		{34894BE9-DEE0-9A87-58F3-64E9683DEE29}.Debug|Any CPU.Build.0 = Debug|Any CPU
		{34894BE9-DEE0-9A87-58F3-64E9683DEE29}.Release|Any CPU.ActiveCfg = Release|Any CPU
		{34894BE9-DEE0-9A87-58F3-64E9683DEE29}.Release|Any CPU.Build.0 = Release|Any CPU
		{4908FD98-C354-28EE-6EDC-F7CFCD1E6034}.Debug|Any CPU.ActiveCfg = Debug|Any CPU
		{4908FD98-C354-28EE-6EDC-F7CFCD1E6034}.Debug|Any CPU.Build.0 = Debug|Any CPU
		{4908FD98-C354-28EE-6EDC-F7CFCD1E6034}.Release|Any CPU.ActiveCfg = Release|Any CPU
		{4908FD98-C354-28EE-6EDC-F7CFCD1E6034}.Release|Any CPU.Build.0 = Release|Any CPU
		{46AB9B33-9075-524D-98E0-9FA43CEA7741}.Debug|Any CPU.ActiveCfg = Debug|Any CPU
		{46AB9B33-9075-524D-98E0-9FA43CEA7741}.Debug|Any CPU.Build.0 = Debug|Any CPU
		{46AB9B33-9075-524D-98E0-9FA43CEA7741}.Release|Any CPU.ActiveCfg = Release|Any CPU
		{46AB9B33-9075-524D-98E0-9FA43CEA7741}.Release|Any CPU.Build.0 = Release|Any CPU
		{3E22BED5-B784-964C-8B2A-836B3C41DC38}.Debug|Any CPU.ActiveCfg = Debug|Any CPU
		{3E22BED5-B784-964C-8B2A-836B3C41DC38}.Debug|Any CPU.Build.0 = Debug|Any CPU
		{3E22BED5-B784-964C-8B2A-836B3C41DC38}.Release|Any CPU.ActiveCfg = Release|Any CPU
		{3E22BED5-B784-964C-8B2A-836B3C41DC38}.Release|Any CPU.Build.0 = Release|Any CPU
		{B6B7D755-1EF8-48D2-8A48-DEFC24929F07}.Debug|Any CPU.ActiveCfg = Debug|Any CPU
		{B6B7D755-1EF8-48D2-8A48-DEFC24929F07}.Debug|Any CPU.Build.0 = Debug|Any CPU
		{B6B7D755-1EF8-48D2-8A48-DEFC24929F07}.Release|Any CPU.ActiveCfg = Release|Any CPU
		{B6B7D755-1EF8-48D2-8A48-DEFC24929F07}.Release|Any CPU.Build.0 = Release|Any CPU
		{40D7AF6C-DA53-DC2A-9C7B-876ADA9CF384}.Debug|Any CPU.ActiveCfg = Debug|Any CPU
		{40D7AF6C-DA53-DC2A-9C7B-876ADA9CF384}.Debug|Any CPU.Build.0 = Debug|Any CPU
		{40D7AF6C-DA53-DC2A-9C7B-876ADA9CF384}.Release|Any CPU.ActiveCfg = Release|Any CPU
		{40D7AF6C-DA53-DC2A-9C7B-876ADA9CF384}.Release|Any CPU.Build.0 = Release|Any CPU
		{FAAFEE28-A653-7C48-30B2-7A79A6AF5C6F}.Debug|Any CPU.ActiveCfg = Debug|Any CPU
		{FAAFEE28-A653-7C48-30B2-7A79A6AF5C6F}.Debug|Any CPU.Build.0 = Debug|Any CPU
		{FAAFEE28-A653-7C48-30B2-7A79A6AF5C6F}.Release|Any CPU.ActiveCfg = Release|Any CPU
		{FAAFEE28-A653-7C48-30B2-7A79A6AF5C6F}.Release|Any CPU.Build.0 = Release|Any CPU
		{C847EAC1-0CD7-406F-BC18-BB426DB7552D}.Debug|Any CPU.ActiveCfg = Debug|Any CPU
		{C847EAC1-0CD7-406F-BC18-BB426DB7552D}.Debug|Any CPU.Build.0 = Debug|Any CPU
		{C847EAC1-0CD7-406F-BC18-BB426DB7552D}.Release|Any CPU.ActiveCfg = Release|Any CPU
		{C847EAC1-0CD7-406F-BC18-BB426DB7552D}.Release|Any CPU.Build.0 = Release|Any CPU
		{6239B55D-66EB-4C7E-A389-65046B8B7F72}.Debug|Any CPU.ActiveCfg = Debug|Any CPU
		{6239B55D-66EB-4C7E-A389-65046B8B7F72}.Debug|Any CPU.Build.0 = Debug|Any CPU
		{6239B55D-66EB-4C7E-A389-65046B8B7F72}.Release|Any CPU.ActiveCfg = Release|Any CPU
		{6239B55D-66EB-4C7E-A389-65046B8B7F72}.Release|Any CPU.Build.0 = Release|Any CPU
		{A60F291E-FBF6-4688-917F-6C39CD2A65B4}.Debug|Any CPU.ActiveCfg = Debug|Any CPU
		{A60F291E-FBF6-4688-917F-6C39CD2A65B4}.Debug|Any CPU.Build.0 = Debug|Any CPU
		{A60F291E-FBF6-4688-917F-6C39CD2A65B4}.Release|Any CPU.ActiveCfg = Release|Any CPU
		{A60F291E-FBF6-4688-917F-6C39CD2A65B4}.Release|Any CPU.Build.0 = Release|Any CPU
		{CAFBFF0B-915B-40B3-9C44-7A6C609ACBD7}.Debug|Any CPU.ActiveCfg = Debug|Any CPU
		{CAFBFF0B-915B-40B3-9C44-7A6C609ACBD7}.Debug|Any CPU.Build.0 = Debug|Any CPU
		{CAFBFF0B-915B-40B3-9C44-7A6C609ACBD7}.Release|Any CPU.ActiveCfg = Release|Any CPU
		{CAFBFF0B-915B-40B3-9C44-7A6C609ACBD7}.Release|Any CPU.Build.0 = Release|Any CPU
		{6DF2FE0E-0340-4C87-B131-96B9F64BA662}.Debug|Any CPU.ActiveCfg = Debug|Any CPU
		{6DF2FE0E-0340-4C87-B131-96B9F64BA662}.Debug|Any CPU.Build.0 = Debug|Any CPU
		{6DF2FE0E-0340-4C87-B131-96B9F64BA662}.Release|Any CPU.ActiveCfg = Release|Any CPU
		{6DF2FE0E-0340-4C87-B131-96B9F64BA662}.Release|Any CPU.Build.0 = Release|Any CPU
		{841AB724-385B-4B13-A733-2C1040EB89AF}.Debug|Any CPU.ActiveCfg = Debug|Any CPU
		{841AB724-385B-4B13-A733-2C1040EB89AF}.Debug|Any CPU.Build.0 = Debug|Any CPU
		{841AB724-385B-4B13-A733-2C1040EB89AF}.Release|Any CPU.ActiveCfg = Release|Any CPU
		{841AB724-385B-4B13-A733-2C1040EB89AF}.Release|Any CPU.Build.0 = Release|Any CPU
		{868E91FF-993F-481F-B0C1-5C2B0E0FE904}.Debug|Any CPU.ActiveCfg = Debug|Any CPU
		{868E91FF-993F-481F-B0C1-5C2B0E0FE904}.Debug|Any CPU.Build.0 = Debug|Any CPU
		{868E91FF-993F-481F-B0C1-5C2B0E0FE904}.Release|Any CPU.ActiveCfg = Release|Any CPU
		{868E91FF-993F-481F-B0C1-5C2B0E0FE904}.Release|Any CPU.Build.0 = Release|Any CPU
		{3A28F363-1DFC-46CD-9AA7-1C6AA346266F}.Debug|Any CPU.ActiveCfg = Debug|Any CPU
		{3A28F363-1DFC-46CD-9AA7-1C6AA346266F}.Debug|Any CPU.Build.0 = Debug|Any CPU
		{3A28F363-1DFC-46CD-9AA7-1C6AA346266F}.Release|Any CPU.ActiveCfg = Release|Any CPU
		{3A28F363-1DFC-46CD-9AA7-1C6AA346266F}.Release|Any CPU.Build.0 = Release|Any CPU
		{C59CCE6A-1EE6-4A13-B5F6-D1B5BE6E8DB3}.Debug|Any CPU.ActiveCfg = Debug|Any CPU
		{C59CCE6A-1EE6-4A13-B5F6-D1B5BE6E8DB3}.Debug|Any CPU.Build.0 = Debug|Any CPU
		{C59CCE6A-1EE6-4A13-B5F6-D1B5BE6E8DB3}.Release|Any CPU.ActiveCfg = Release|Any CPU
		{C59CCE6A-1EE6-4A13-B5F6-D1B5BE6E8DB3}.Release|Any CPU.Build.0 = Release|Any CPU
		{AE748BE5-515E-4260-9F75-6FE9575DE1CD}.Debug|Any CPU.ActiveCfg = Debug|Any CPU
		{AE748BE5-515E-4260-9F75-6FE9575DE1CD}.Debug|Any CPU.Build.0 = Debug|Any CPU
		{AE748BE5-515E-4260-9F75-6FE9575DE1CD}.Release|Any CPU.ActiveCfg = Release|Any CPU
		{AE748BE5-515E-4260-9F75-6FE9575DE1CD}.Release|Any CPU.Build.0 = Release|Any CPU
		{6C82A7BF-F9FF-4DE2-B792-E2D12B2B7491}.Debug|Any CPU.ActiveCfg = Debug|Any CPU
		{6C82A7BF-F9FF-4DE2-B792-E2D12B2B7491}.Debug|Any CPU.Build.0 = Debug|Any CPU
		{6C82A7BF-F9FF-4DE2-B792-E2D12B2B7491}.Release|Any CPU.ActiveCfg = Release|Any CPU
		{6C82A7BF-F9FF-4DE2-B792-E2D12B2B7491}.Release|Any CPU.Build.0 = Release|Any CPU
		{1ADC0BBE-1F73-40C1-8AB0-55985E9832C9}.Debug|Any CPU.ActiveCfg = Debug|Any CPU
		{1ADC0BBE-1F73-40C1-8AB0-55985E9832C9}.Debug|Any CPU.Build.0 = Debug|Any CPU
		{1ADC0BBE-1F73-40C1-8AB0-55985E9832C9}.Release|Any CPU.ActiveCfg = Release|Any CPU
		{1ADC0BBE-1F73-40C1-8AB0-55985E9832C9}.Release|Any CPU.Build.0 = Release|Any CPU
		{86CEA989-BDB0-48B8-910A-E5FFE33EC855}.Debug|Any CPU.ActiveCfg = Debug|Any CPU
		{86CEA989-BDB0-48B8-910A-E5FFE33EC855}.Debug|Any CPU.Build.0 = Debug|Any CPU
		{86CEA989-BDB0-48B8-910A-E5FFE33EC855}.Release|Any CPU.ActiveCfg = Release|Any CPU
		{86CEA989-BDB0-48B8-910A-E5FFE33EC855}.Release|Any CPU.Build.0 = Release|Any CPU
		{EC3130DF-0FEE-4F3D-9F2E-14CA0A1D131B}.Debug|Any CPU.ActiveCfg = Debug|Any CPU
		{EC3130DF-0FEE-4F3D-9F2E-14CA0A1D131B}.Debug|Any CPU.Build.0 = Debug|Any CPU
		{EC3130DF-0FEE-4F3D-9F2E-14CA0A1D131B}.Release|Any CPU.ActiveCfg = Release|Any CPU
		{EC3130DF-0FEE-4F3D-9F2E-14CA0A1D131B}.Release|Any CPU.Build.0 = Release|Any CPU
		{1A4F927B-CFAA-4B82-8A4D-CC630D16B835}.Debug|Any CPU.ActiveCfg = Debug|Any CPU
		{1A4F927B-CFAA-4B82-8A4D-CC630D16B835}.Debug|Any CPU.Build.0 = Debug|Any CPU
		{1A4F927B-CFAA-4B82-8A4D-CC630D16B835}.Release|Any CPU.ActiveCfg = Release|Any CPU
		{1A4F927B-CFAA-4B82-8A4D-CC630D16B835}.Release|Any CPU.Build.0 = Release|Any CPU
	EndGlobalSection
	GlobalSection(SolutionProperties) = preSolution
		HideSolutionNode = FALSE
	EndGlobalSection
	GlobalSection(ExtensibilityGlobals) = postSolution
		SolutionGuid = {76A20FB9-9FAB-4606-94CB-99C6C9870ACB}
	EndGlobalSection
EndGlobal
